
Microsoft Visual Studio Solution File, Format Version 12.00
# Visual Studio Version 16
VisualStudioVersion = 16.0.32413.119
MinimumVisualStudioVersion = 10.0.40219.1
Project("{FAE04EC0-301F-11D3-BF4B-00C04F79EFBC}") = "EjercicioClase", "EjercicioClase\EjercicioClase.csproj", "{69AD5E6C-7FAD-4D7C-9A87-C73011A052EA}"
EndProject
Global
	GlobalSection(SolutionConfigurationPlatforms) = preSolution
		Debug|Any CPU = Debug|Any CPU
		Release|Any CPU = Release|Any CPU
	EndGlobalSection
	GlobalSection(ProjectConfigurationPlatforms) = postSolution
		{69AD5E6C-7FAD-4D7C-9A87-C73011A052EA}.Debug|Any CPU.ActiveCfg = Debug|Any CPU
		{69AD5E6C-7FAD-4D7C-9A87-C73011A052EA}.Debug|Any CPU.Build.0 = Debug|Any CPU
		{69AD5E6C-7FAD-4D7C-9A87-C73011A052EA}.Release|Any CPU.ActiveCfg = Release|Any CPU
		{69AD5E6C-7FAD-4D7C-9A87-C73011A052EA}.Release|Any CPU.Build.0 = Release|Any CPU
	EndGlobalSection
	GlobalSection(SolutionProperties) = preSolution
		HideSolutionNode = FALSE
	EndGlobalSection
	GlobalSection(ExtensibilityGlobals) = postSolution
		SolutionGuid = {D03D7974-231F-4002-8F33-C58608705D40}
	EndGlobalSection
EndGlobal
